
Microsoft Visual Studio Solution File, Format Version 12.00
# Visual Studio Version 16
VisualStudioVersion = 16.0.30011.22
MinimumVisualStudioVersion = 10.0.40219.1
Project("{FAE04EC0-301F-11D3-BF4B-00C04F79EFBC}") = "CodingChallangeWeek3", "CodingChallangeWeek3.csproj", "{5E709120-FC1B-41E3-B436-5A78681C3C1A}"
EndProject
Global
	GlobalSection(SolutionConfigurationPlatforms) = preSolution
		Debug|Any CPU = Debug|Any CPU
		Release|Any CPU = Release|Any CPU
	EndGlobalSection
	GlobalSection(ProjectConfigurationPlatforms) = postSolution
		{5E709120-FC1B-41E3-B436-5A78681C3C1A}.Debug|Any CPU.ActiveCfg = Debug|Any CPU
		{5E709120-FC1B-41E3-B436-5A78681C3C1A}.Debug|Any CPU.Build.0 = Debug|Any CPU
		{5E709120-FC1B-41E3-B436-5A78681C3C1A}.Release|Any CPU.ActiveCfg = Release|Any CPU
		{5E709120-FC1B-41E3-B436-5A78681C3C1A}.Release|Any CPU.Build.0 = Release|Any CPU
	EndGlobalSection
	GlobalSection(SolutionProperties) = preSolution
		HideSolutionNode = FALSE
	EndGlobalSection
	GlobalSection(ExtensibilityGlobals) = postSolution
		SolutionGuid = {365993F2-EF5B-484A-801E-2A815FB01ED6}
	EndGlobalSection
EndGlobal
